
Microsoft Visual Studio Solution File, Format Version 12.00
# Visual Studio Version 17
VisualStudioVersion = 17.0.32014.148
MinimumVisualStudioVersion = 10.0.40219.1
Project("{FAE04EC0-301F-11D3-BF4B-00C04F79EFBC}") = "ColorFull", "ColorFull\ColorFull.csproj", "{772F5A04-4504-4A5E-81C5-9384966BF053}"
EndProject
Project("{FAE04EC0-301F-11D3-BF4B-00C04F79EFBC}") = "ColorFull.Tests", "ColorFull.Tests\ColorFull.Tests.csproj", "{2BD08445-E69C-4FE5-B411-572452572A6E}"
EndProject
Global
	GlobalSection(SolutionConfigurationPlatforms) = preSolution
		Debug|Any CPU = Debug|Any CPU
		Release|Any CPU = Release|Any CPU
	EndGlobalSection
	GlobalSection(ProjectConfigurationPlatforms) = postSolution
		{772F5A04-4504-4A5E-81C5-9384966BF053}.Debug|Any CPU.ActiveCfg = Debug|Any CPU
		{772F5A04-4504-4A5E-81C5-9384966BF053}.Debug|Any CPU.Build.0 = Debug|Any CPU
		{772F5A04-4504-4A5E-81C5-9384966BF053}.Release|Any CPU.ActiveCfg = Release|Any CPU
		{772F5A04-4504-4A5E-81C5-9384966BF053}.Release|Any CPU.Build.0 = Release|Any CPU
		{2BD08445-E69C-4FE5-B411-572452572A6E}.Debug|Any CPU.ActiveCfg = Debug|Any CPU
		{2BD08445-E69C-4FE5-B411-572452572A6E}.Debug|Any CPU.Build.0 = Debug|Any CPU
		{2BD08445-E69C-4FE5-B411-572452572A6E}.Release|Any CPU.ActiveCfg = Release|Any CPU
		{2BD08445-E69C-4FE5-B411-572452572A6E}.Release|Any CPU.Build.0 = Release|Any CPU
	EndGlobalSection
	GlobalSection(SolutionProperties) = preSolution
		HideSolutionNode = FALSE
	EndGlobalSection
	GlobalSection(ExtensibilityGlobals) = postSolution
		SolutionGuid = {E1F53F40-37AF-4D49-A693-6BABCE150A9E}
	EndGlobalSection
EndGlobal
